PODS:
  - Brightcove-Player-SDK (5.0.2):
    - Brightcove-Player-SDK/default (= 5.0.2)
  - Brightcove-Player-SDK/default (5.0.2)
  - SpotX-SDK (2.1.1)

DEPENDENCIES:
  - Brightcove-Player-SDK
  - SpotX-SDK

SPEC CHECKSUMS:
  Brightcove-Player-SDK: be52cedbecf090bdb235ee76b867994f42dbb230
  SpotX-SDK: 85811dfeb6512813906b0b32a944aa985a5354d2

COCOAPODS: 0.39.0
